github.com/chewxy/math32 v1.11.1 h1:b7PGHlp8KjylDoU8RrcEsRuGZhJuz8haxnKfuMMRqy8=
github.com/chewxy/math32 v1.11.1/go.mod h1:dOB2rcuFrCn6UHrze36WSLVPKtzPMRAQvBvUwkSsLqs=
github.com/soypat/geometry v0.0.0-20250618223846-196a4c63e8ef h1:7SMdeUipfzssy+Yl06GOVMKpmT1u2ZL/r0nVfGAEMBE=
github.com/soypat/geometry v0.0.0-20250618223846-196a4c63e8ef/go.mod h1:ks6uGIIvsbkaGB7RBLG8pc2yHYBIxZ1FSRSNPtXPAwY=
github.com/soypat/geometry v0.0.0-20250718121518-cc41fcad0ec7 h1:+fKPpSStUmn9WAtq4LDzj3QsbWzdxeUi6EH4rShvH7E=
github.com/soypat/geometry v0.0.0-20250718121518-cc41fcad0ec7/go.mod h1:ks6uGIIvsbkaGB7RBLG8pc2yHYBIxZ1FSRSNPtXPAwY=
